
Microsoft Visual Studio Solution File, Format Version 12.00
# Visual Studio Version 17
VisualStudioVersion = 17.3.32929.385
MinimumVisualStudioVersion = 10.0.40219.1
Project("{FAE04EC0-301F-11D3-BF4B-00C04F79EFBC}") = "ApiReports", "Services\ApiReports\ApiReports.csproj", "{26642AC4-8DC5-42F2-A68B-225860399422}"
EndProject
Project("{2150E333-8FDC-42A3-9474-1A3956D46DE8}") = "Services", "Services", "{28780E5E-DB81-4919-8BD1-1693519CB404}"
EndProject
Global
	GlobalSection(SolutionConfigurationPlatforms) = preSolution
		Debug|Any CPU = Debug|Any CPU
		Release|Any CPU = Release|Any CPU
	EndGlobalSection
	GlobalSection(ProjectConfigurationPlatforms) = postSolution
		{26642AC4-8DC5-42F2-A68B-225860399422}.Debug|Any CPU.ActiveCfg = Debug|Any CPU
		{26642AC4-8DC5-42F2-A68B-225860399422}.Debug|Any CPU.Build.0 = Debug|Any CPU
		{26642AC4-8DC5-42F2-A68B-225860399422}.Release|Any CPU.ActiveCfg = Release|Any CPU
		{26642AC4-8DC5-42F2-A68B-225860399422}.Release|Any CPU.Build.0 = Release|Any CPU
	EndGlobalSection
	GlobalSection(SolutionProperties) = preSolution
		HideSolutionNode = FALSE
	EndGlobalSection
	GlobalSection(NestedProjects) = preSolution
		{26642AC4-8DC5-42F2-A68B-225860399422} = {28780E5E-DB81-4919-8BD1-1693519CB404}
	EndGlobalSection
	GlobalSection(ExtensibilityGlobals) = postSolution
		SolutionGuid = {E48A0066-07B9-4A73-AEDE-A40BFA300DB4}
	EndGlobalSection
EndGlobal
